
Microsoft Visual Studio Solution File, Format Version 12.00
# Visual Studio 15
VisualStudioVersion = 15.0.27703.2047
MinimumVisualStudioVersion = 10.0.40219.1
Project("{FAE04EC0-301F-11D3-BF4B-00C04F79EFBC}") = "oh22is.DTS.Task.Twilio2017", "oh22is.DTS.Task.Twilio2017.csproj", "{93307D7E-98CC-4FA5-BAF8-A0A7DAE3559A}"
EndProject
Global
	GlobalSection(SolutionConfigurationPlatforms) = preSolution
		Debug|Any CPU = Debug|Any CPU
		Release|Any CPU = Release|Any CPU
	EndGlobalSection
	GlobalSection(ProjectConfigurationPlatforms) = postSolution
		{93307D7E-98CC-4FA5-BAF8-A0A7DAE3559A}.Debug|Any CPU.ActiveCfg = Debug|Any CPU
		{93307D7E-98CC-4FA5-BAF8-A0A7DAE3559A}.Debug|Any CPU.Build.0 = Debug|Any CPU
		{93307D7E-98CC-4FA5-BAF8-A0A7DAE3559A}.Release|Any CPU.ActiveCfg = Release|Any CPU
		{93307D7E-98CC-4FA5-BAF8-A0A7DAE3559A}.Release|Any CPU.Build.0 = Release|Any CPU
	EndGlobalSection
	GlobalSection(SolutionProperties) = preSolution
		HideSolutionNode = FALSE
	EndGlobalSection
	GlobalSection(ExtensibilityGlobals) = postSolution
		SolutionGuid = {43598B32-773E-4C75-BD88-282C0ECC5B5E}
	EndGlobalSection
EndGlobal
